// !$*UTF8*$!
{
	archiveVersion = 1;
	classes = {
	};
	objectVersion = 50;
	objects = {

/* Begin PBXBuildFile section */
		A392E8CB243FF1A000570CD2 /* AppDelegate.swift in Sources */ = {isa = PBXBuildFile; fileRef = A392E8CA243FF1A000570CD2 /* AppDelegate.swift */; };
		A392E8CD243FF1A000570CD2 /* SceneDelegate.swift in Sources */ = {isa = PBXBuildFile; fileRef = A392E8CC243FF1A000570CD2 /* SceneDelegate.swift */; };
		A392E8CF243FF1A000570CD2 /* ViewController.swift in Sources */ = {isa = PBXBuildFile; fileRef = A392E8CE243FF1A000570CD2 /* ViewController.swift */; };
		A392E8D2243FF1A000570CD2 /* Main.storyboard in Resources */ = {isa = PBXBuildFile; fileRef = A392E8D0243FF1A000570CD2 /* Main.storyboard */; };
		A392E8D4243FF1A200570CD2 /* Assets.xcassets in Resources */ = {isa = PBXBuildFile; fileRef = A392E8D3243FF1A200570CD2 /* Assets.xcassets */; };
		A392E8D7243FF1A200570CD2 /* LaunchScreen.storyboard in Resources */ = {isa = PBXBuildFile; fileRef = A392E8D5243FF1A200570CD2 /* LaunchScreen.storyboard */; };
/* End PBXBuildFile section */

/* Begin PBXFileReference section */
		A392E8C7243FF1A000570CD2 /* GetToThings.app */ = {isa = PBXFileReference; explicitFileType = wrapper.application; includeInIndex = 0; path = GetToThings.app; sourceTree = BUILT_PRODUCTS_DIR; };
		A392E8CA243FF1A000570CD2 /* AppDelegate.swift */ = {isa = PBXFileReference; lastKnownFileType = sourcecode.swift; path = AppDelegate.swift; sourceTree = "<group>"; };
		A392E8CC243FF1A000570CD2 /* SceneDelegate.swift */ = {isa = PBXFileReference; lastKnownFileType = sourcecode.swift; path = SceneDelegate.swift; sourceTree = "<group>"; };
		A392E8CE243FF1A000570CD2 /* ViewController.swift */ = {isa = PBXFileReference; lastKnownFileType = sourcecode.swift; path = ViewController.swift; sourceTree = "<group>"; };
		A392E8D1243FF1A000570CD2 /* Base */ = {isa = PBXFileReference; lastKnownFileType = file.storyboard; name = Base; path = Base.lproj/Main.storyboard; sourceTree = "<group>"; };
		A392E8D3243FF1A200570CD2 /* Assets.xcassets */ = {isa = PBXFileReference; lastKnownFileType = folder.assetcatalog; path = Assets.xcassets; sourceTree = "<group>"; };
		A392E8D6243FF1A200570CD2 /* Base */ = {isa = PBXFileReference; lastKnownFileType = file.storyboard; name = Base; path = Base.lproj/LaunchScreen.storyboard; sourceTree = "<group>"; };
		A392E8D8243FF1A200570CD2 /* Info.plist */ = {isa = PBXFileReference; lastKnownFileType = text.plist.xml; path = Info.plist; sourceTree = "<group>"; };
/* End PBXFileReference section */

/* Begin PBXFrameworksBuildPhase section */
		A392E8C4243FF1A000570CD2 /* Frameworks */ = {
			isa = PBXFrameworksBuildPhase;
			buildActionMask = 2147483647;
			files = (
			);
			runOnlyForDeploymentPostprocessing = 0;
		};
/* End PBXFrameworksBuildPhase section */

/* Begin PBXGroup section */
		A392E8BE243FF1A000570CD2 = {
			isa = PBXGroup;
			children = (
				A392E8C9243FF1A000570CD2 /* GetToThings */,
				A392E8C8243FF1A000570CD2 /* Products */,
			);
			sourceTree = "<group>";
		};
		A392E8C8243FF1A000570CD2 /* Products */ = {
			isa = PBXGroup;
			children = (
				A392E8C7243FF1A000570CD2 /* GetToThings.app */,
			);
			name = Products;
			sourceTree = "<group>";
		};
		A392E8C9243FF1A000570CD2 /* GetToThings */ = {
			isa = PBXGroup;
			children = (
				A392E8CA243FF1A000570CD2 /* AppDelegate.swift */,
				A392E8CC243FF1A000570CD2 /* SceneDelegate.swift */,
				A392E8CE243FF1A000570CD2 /* ViewController.swift */,
				A392E8D0243FF1A000570CD2 /* Main.storyboard */,
				A392E8D3243FF1A200570CD2 /* Assets.xcassets */,
				A392E8D5243FF1A200570CD2 /* LaunchScreen.storyboard */,
				A392E8D8243FF1A200570CD2 /* Info.plist */,
			);
			path = GetToThings;
			sourceTree = "<group>";
		};
/* End PBXGroup section */

/* Begin PBXNativeTarget section */
		A392E8C6243FF1A000570CD2 /* GetToThings */ = {
			isa = PBXNativeTarget;
			buildConfigurationList = A392E8DB243FF1A200570CD2 /* Build configuration list for PBXNativeTarget "GetToThings" */;
			buildPhases = (
				A392E8C3243FF1A000570CD2 /* Sources */,
				A392E8C4243FF1A000570CD2 /* Frameworks */,
				A392E8C5243FF1A000570CD2 /* Resources */,
			);
			buildRules = (
			);
			dependencies = (
			);
			name = GetToThings;
			productName = GetToThings;
			productReference = A392E8C7243FF1A000570CD2 /* GetToThings.app */;
			productType = "com.apple.product-type.application";
		};
/* End PBXNativeTarget section */

/* Begin PBXProject section */
		A392E8BF243FF1A000570CD2 /* Project object */ = {
			isa = PBXProject;
			attributes = {
				LastSwiftUpdateCheck = 1140;
				LastUpgradeCheck = 1140;
				ORGANIZATIONNAME = "Logan Pfahler";
				TargetAttributes = {
					A392E8C6243FF1A000570CD2 = {
						CreatedOnToolsVersion = 11.4;
					};
				};
			};
			buildConfigurationList = A392E8C2243FF1A000570CD2 /* Build configuration list for PBXProject "GetToThings" */;
			compatibilityVersion = "Xcode 9.3";
			developmentRegion = en;
			hasScannedForEncodings = 0;
			knownRegions = (
				en,
				Base,
			);
			mainGroup = A392E8BE243FF1A000570CD2;
			productRefGroup = A392E8C8243FF1A000570CD2 /* Products */;
			projectDirPath = "";
			projectRoot = "";
			targets = (
				A392E8C6243FF1A000570CD2 /* GetToThings */,
			);
		};
/* End PBXProject section */

/* Begin PBXResourcesBuildPhase section */
		A392E8C5243FF1A000570CD2 /* Resources */ = {
			isa = PBXResourcesBuildPhase;
			buildActionMask = 2147483647;
			files = (
				A392E8D7243FF1A200570CD2 /* LaunchScreen.storyboard in Resources */,
				A392E8D4243FF1A200570CD2 /* Assets.xcassets in Resources */,
				A392E8D2243FF1A000570CD2 /* Main.storyboard in Resources */,
			);
			runOnlyForDeploymentPostprocessing = 0;
		};
/* End PBXResourcesBuildPhase section */

/* Begin PBXSourcesBuildPhase section */
		A392E8C3243FF1A000570CD2 /* Sources */ = {
			isa = PBXSourcesBuildPhase;
			buildActionMask = 2147483647;
			files = (
				A392E8CF243FF1A000570CD2 /* ViewController.swift in Sources */,
				A392E8CB243FF1A000570CD2 /* AppDelegate.swift in Sources */,
				A392E8CD243FF1A000570CD2 /* SceneDelegate.swift in Sources */,
			);
			runOnlyForDeploymentPostprocessing = 0;
		};
/* End PBXSourcesBuildPhase section */

/* Begin PBXVariantGroup section */
		A392E8D0243FF1A000570CD2 /* Main.storyboard */ = {
			isa = PBXVariantGroup;
			children = (
				A392E8D1243FF1A000570CD2 /* Base */,
			);
			name = Main.storyboard;
			sourceTree = "<group>";
		};
		A392E8D5243FF1A200570CD2 /* LaunchScreen.storyboard */ = {
			isa = PBXVariantGroup;
			children = (
				A392E8D6243FF1A200570CD2 /* Base */,
			);
			name = LaunchScreen.storyboard;
			sourceTree = "<group>";
		};
/* End PBXVariantGroup section */

/* Begin XCBuildConfiguration section */
		A392E8D9243FF1A200570CD2 /* Debug */ = {
			isa = XCBuildConfiguration;
			buildSettings = {
				ALWAYS_SEARCH_USER_PATHS = NO;
				CLANG_ANALYZER_NONNULL = YES;
				CLANG_ANALYZER_NUMBER_OBJECT_CONVERSION = YES_AGGRESSIVE;
				CLANG_CXX_LANGUAGE_STANDARD = "gnu++14";
				CLANG_CXX_LIBRARY = "libc++";
				CLANG_ENABLE_MODULES = YES;
				CLANG_ENABLE_OBJC_ARC = YES;
				CLANG_ENABLE_OBJC_WEAK = YES;
				CLANG_WARN_BLOCK_CAPTURE_AUTORELEASING = YES;
				CLANG_WARN_BOOL_CONVERSION = YES;
				CLANG_WARN_COMMA = YES;
				CLANG_WARN_CONSTANT_CONVERSION = YES;
				CLANG_WARN_DEPRECATED_OBJC_IMPLEMENTATIONS = YES;
				CLANG_WARN_DIRECT_OBJC_ISA_USAGE = YES_ERROR;
				CLANG_WARN_DOCUMENTATION_COMMENTS = YES;
				CLANG_WARN_EMPTY_BODY = YES;
				CLANG_WARN_ENUM_CONVERSION = YES;
				CLANG_WARN_INFINITE_RECURSION = YES;
				CLANG_WARN_INT_CONVERSION = YES;
				CLANG_WARN_NON_LITERAL_NULL_CONVERSION = YES;
				CLANG_WARN_OBJC_IMPLICIT_RETAIN_SELF = YES;
				CLANG_WARN_OBJC_LITERAL_CONVERSION = YES;
				CLANG_WARN_OBJC_ROOT_CLASS = YES_ERROR;
				CLANG_WARN_RANGE_LOOP_ANALYSIS = YES;
				CLANG_WARN_STRICT_PROTOTYPES = YES;
				CLANG_WARN_SUSPICIOUS_MOVE = YES;
				CLANG_WARN_UNGUARDED_AVAILABILITY = YES_AGGRESSIVE;
				CLANG_WARN_UNREACHABLE_CODE = YES;
				CLANG_WARN__DUPLICATE_METHOD_MATCH = YES;
				COPY_PHASE_STRIP = NO;
				DEBUG_INFORMATION_FORMAT = dwarf;
				ENABLE_STRICT_OBJC_MSGSEND = YES;
				ENABLE_TESTABILITY = YES;
				GCC_C_LANGUAGE_STANDARD = gnu11;
				GCC_DYNAMIC_NO_PIC = NO;
				GCC_NO_COMMON_BLOCKS = YES;
				GCC_OPTIMIZATION_LEVEL = 0;
				GCC_PREPROCESSOR_DEFINITIONS = (
					"DEBUG=1",
					"$(inherited)",
				);
				GCC_WARN_64_TO_32_BIT_CONVERSION = YES;
				GCC_WARN_ABOUT_RETURN_TYPE = YES_ERROR;
				GCC_WARN_UNDECLARED_SELECTOR = YES;
				GCC_WARN_UNINITIALIZED_AUTOS = YES_AGGRESSIVE;
				GCC_WARN_UNUSED_FUNCTION = YES;
				GCC_WARN_UNUSED_VARIABLE = YES;
				IPHONEOS_DEPLOYMENT_TARGET = 13.4;
				MTL_ENABLE_DEBUG_INFO = INCLUDE_SOURCE;
				MTL_FAST_MATH = YES;
				ONLY_ACTIVE_ARCH = YES;
				SDKROOT = iphoneos;
				SWIFT_ACTIVE_COMPILATION_CONDITIONS = DEBUG;
				SWIFT_OPTIMIZATION_LEVEL = "-Onone";
			};
			name = Debug;
		};
		A392E8DA243FF1A200570CD2 /* Release */ = {
			isa = XCBuildConfiguration;
			buildSettings = {
				ALWAYS_SEARCH_USER_PATHS = NO;
				CLANG_ANALYZER_NONNULL = YES;
				CLANG_ANALYZER_NUMBER_OBJECT_CONVERSION = YES_AGGRESSIVE;
				CLANG_CXX_LANGUAGE_STANDARD = "gnu++14";
				CLANG_CXX_LIBRARY = "libc++";
				CLANG_ENABLE_MODULES = YES;
				CLANG_ENABLE_OBJC_ARC = YES;
				CLANG_ENABLE_OBJC_WEAK = YES;
				CLANG_WARN_BLOCK_CAPTURE_AUTORELEASING = YES;
				CLANG_WARN_BOOL_CONVERSION = YES;
				CLANG_WARN_COMMA = YES;
				CLANG_WARN_CONSTANT_CONVERSION = YES;
				CLANG_WARN_DEPRECATED_OBJC_IMPLEMENTATIONS = YES;
				CLANG_WARN_DIRECT_OBJC_ISA_USAGE = YES_ERROR;
				CLANG_WARN_DOCUMENTATION_COMMENTS = YES;
				CLANG_WARN_EMPTY_BODY = YES;
				CLANG_WARN_ENUM_CONVERSION = YES;
				CLANG_WARN_INFINITE_RECURSION = YES;
				CLANG_WARN_INT_CONVERSION = YES;
				CLANG_WARN_NON_LITERAL_NULL_CONVERSION = YES;
				CLANG_WARN_OBJC_IMPLICIT_RETAIN_SELF = YES;
				CLANG_WARN_OBJC_LITERAL_CONVERSION = YES;
				CLANG_WARN_OBJC_ROOT_CLASS = YES_ERROR;
				CLANG_WARN_RANGE_LOOP_ANALYSIS = YES;
				CLANG_WARN_STRICT_PROTOTYPES = YES;
				CLANG_WARN_SUSPICIOUS_MOVE = YES;
				CLANG_WARN_UNGUARDED_AVAILABILITY = YES_AGGRESSIVE;
				CLANG_WARN_UNREACHABLE_CODE = YES;
				CLANG_WARN__DUPLICATE_METHOD_MATCH = YES;
				COPY_PHASE_STRIP = NO;
				DEBUG_INFORMATION_FORMAT = "dwarf-with-dsym";
				ENABLE_NS_ASSERTIONS = NO;
				ENABLE_STRICT_OBJC_MSGSEND = YES;
				GCC_C_LANGUAGE_STANDARD = gnu11;
				GCC_NO_COMMON_BLOCKS = YES;
				GCC_WARN_64_TO_32_BIT_CONVERSION = YES;
				GCC_WARN_ABOUT_RETURN_TYPE = YES_ERROR;
				GCC_WARN_UNDECLARED_SELECTOR = YES;
				GCC_WARN_UNINITIALIZED_AUTOS = YES_AGGRESSIVE;
				GCC_WARN_UNUSED_FUNCTION = YES;
				GCC_WARN_UNUSED_VARIABLE = YES;
				IPHONEOS_DEPLOYMENT_TARGET = 13.4;
				MTL_ENABLE_DEBUG_INFO = NO;
				MTL_FAST_MATH = YES;
				SDKROOT = iphoneos;
				SWIFT_COMPILATION_MODE = wholemodule;
				SWIFT_OPTIMIZATION_LEVEL = "-O";
				VALIDATE_PRODUCT = YES;
			};
			name = Release;
		};
		A392E8DC243FF1A200570CD2 /* Debug */ = {
			isa = XCBuildConfiguration;
			buildSettings = {
				ASSETCATALOG_COMPILER_APPICON_NAME = AppIcon;
				CODE_SIGN_STYLE = Automatic;
				INFOPLIST_FILE = GetToThings/Info.plist;
				LD_RUNPATH_SEARCH_PATHS = (
					"$(inherited)",
					"@executable_path/Frameworks",
				);
				PRODUCT_BUNDLE_IDENTIFIER = com.loganpfahler.GetToThings;
				PRODUCT_NAME = "$(TARGET_NAME)";
				SWIFT_VERSION = 5.0;
				TARGETED_DEVICE_FAMILY = "1,2";
			};
			name = Debug;
		};
		A392E8DD243FF1A200570CD2 /* Release */ = {
			isa = XCBuildConfiguration;
			buildSettings = {
				ASSETCATALOG_COMPILER_APPICON_NAME = AppIcon;
				CODE_SIGN_STYLE = Automatic;
				INFOPLIST_FILE = GetToThings/Info.plist;
				LD_RUNPATH_SEARCH_PATHS = (
					"$(inherited)",
					"@executable_path/Frameworks",
				);
				PRODUCT_BUNDLE_IDENTIFIER = com.loganpfahler.GetToThings;
				PRODUCT_NAME = "$(TARGET_NAME)";
				SWIFT_VERSION = 5.0;
				TARGETED_DEVICE_FAMILY = "1,2";
			};
			name = Release;
		};
/* End XCBuildConfiguration section */

/* Begin XCConfigurationList section */
		A392E8C2243FF1A000570CD2 /* Build configuration list for PBXProject "GetToThings" */ = {
			isa = XCConfigurationList;
			buildConfigurations = (
				A392E8D9243FF1A200570CD2 /* Debug */,
				A392E8DA243FF1A200570CD2 /* Release */,
			);
			defaultConfigurationIsVisible = 0;
			defaultConfigurationName = Release;
		};
		A392E8DB243FF1A200570CD2 /* Build configuration list for PBXNativeTarget "GetToThings" */ = {
			isa = XCConfigurationList;
			buildConfigurations = (
				A392E8DC243FF1A200570CD2 /* Debug */,
				A392E8DD243FF1A200570CD2 /* Release */,
			);
			defaultConfigurationIsVisible = 0;
			defaultConfigurationName = Release;
		};
/* End XCConfigurationList section */
	};
	rootObject = A392E8BF243FF1A000570CD2 /* Project object */;
}
