// !$*UTF8*$!
{
	archiveVersion = 1;
	classes = {
	};
	objectVersion = 51;
	objects = {

/* Begin PBXBuildFile section */
		1AB3498924D89C2DE6170A65 /* Pods_GetToThingsWidget.framework in Frameworks */ = {isa = PBXBuildFile; fileRef = FF7AAD534151EFA115D33044 /* Pods_GetToThingsWidget.framework */; };
		8A89A65E84F31B0F5271CF5F /* Pods_GetToThings.framework in Frameworks */ = {isa = PBXBuildFile; fileRef = A258A176CD974E5B80B6A9C1 /* Pods_GetToThings.framework */; };
		A3106AA524A180D3001408DE /* Model.xcdatamodeld in Sources */ = {isa = PBXBuildFile; fileRef = A3106AA324A180D3001408DE /* Model.xcdatamodeld */; };
		A3292BAA24BE36E000D1840D /* SimpleThing.swift in Sources */ = {isa = PBXBuildFile; fileRef = A3292BA924BE36E000D1840D /* SimpleThing.swift */; };
		A3292BAB24BE3B0600D1840D /* SimpleThing.swift in Sources */ = {isa = PBXBuildFile; fileRef = A3292BA924BE36E000D1840D /* SimpleThing.swift */; };
		A362F3C924BD6221005B6B4B /* Day.swift in Sources */ = {isa = PBXBuildFile; fileRef = A362F3C824BD6221005B6B4B /* Day.swift */; };
		A375D23F24BD09BF003604C5 /* CalendarViewController.swift in Sources */ = {isa = PBXBuildFile; fileRef = A375D23E24BD09BF003604C5 /* CalendarViewController.swift */; };
		A37F3DC42442D49F00F7917B /* TodayTableViewCell.swift in Sources */ = {isa = PBXBuildFile; fileRef = A37F3DC32442D49F00F7917B /* TodayTableViewCell.swift */; };
		A382620524A84745000A7EDD /* GoalDetailTableViewController.swift in Sources */ = {isa = PBXBuildFile; fileRef = A382620424A84745000A7EDD /* GoalDetailTableViewController.swift */; };
		A38448BC24A682F800E69411 /* NewMissionTableViewController.swift in Sources */ = {isa = PBXBuildFile; fileRef = A38448BB24A682F800E69411 /* NewMissionTableViewController.swift */; };
		A38448BE24A6B11500E69411 /* MissionDetailTableViewController.swift in Sources */ = {isa = PBXBuildFile; fileRef = A38448BD24A6B11500E69411 /* MissionDetailTableViewController.swift */; };
		A3899F232440102D00CCB23C /* TodayViewController.swift in Sources */ = {isa = PBXBuildFile; fileRef = A3899F222440102D00CCB23C /* TodayViewController.swift */; };
		A38EB77C24BD67710088F2F7 /* Day.swift in Sources */ = {isa = PBXBuildFile; fileRef = A362F3C824BD6221005B6B4B /* Day.swift */; };
		A38EB77E24BD6A1F0088F2F7 /* DayViewController.swift in Sources */ = {isa = PBXBuildFile; fileRef = A38EB77D24BD6A1F0088F2F7 /* DayViewController.swift */; };
		A392A6E824441C3B00B80C56 /* ThingTableViewCell.swift in Sources */ = {isa = PBXBuildFile; fileRef = A392A6E724441C3B00B80C56 /* ThingTableViewCell.swift */; };
		A392E8CB243FF1A000570CD2 /* AppDelegate.swift in Sources */ = {isa = PBXBuildFile; fileRef = A392E8CA243FF1A000570CD2 /* AppDelegate.swift */; };
		A392E8CD243FF1A000570CD2 /* SceneDelegate.swift in Sources */ = {isa = PBXBuildFile; fileRef = A392E8CC243FF1A000570CD2 /* SceneDelegate.swift */; };
		A392E8D4243FF1A200570CD2 /* Assets.xcassets in Resources */ = {isa = PBXBuildFile; fileRef = A392E8D3243FF1A200570CD2 /* Assets.xcassets */; };
		A392E8D7243FF1A200570CD2 /* LaunchScreen.storyboard in Resources */ = {isa = PBXBuildFile; fileRef = A392E8D5243FF1A200570CD2 /* LaunchScreen.storyboard */; };
		A392E8DF243FF50700570CD2 /* MissionsViewController.swift in Sources */ = {isa = PBXBuildFile; fileRef = A392E8DE243FF50700570CD2 /* MissionsViewController.swift */; };
		A392E8E2243FF5E000570CD2 /* GoalsViewController.swift in Sources */ = {isa = PBXBuildFile; fileRef = A392E8E1243FF5E000570CD2 /* GoalsViewController.swift */; };
		A392E8E4243FF64400570CD2 /* SettingsViewController.swift in Sources */ = {isa = PBXBuildFile; fileRef = A392E8E3243FF64400570CD2 /* SettingsViewController.swift */; };
		A392E8EA243FF7D800570CD2 /* MissionControl.swift in Sources */ = {isa = PBXBuildFile; fileRef = A392E8E9243FF7D800570CD2 /* MissionControl.swift */; };
		A392E8EE243FFBC000570CD2 /* Thing.swift in Sources */ = {isa = PBXBuildFile; fileRef = A392E8ED243FFBC000570CD2 /* Thing.swift */; };
		A392E8F024400EFA00570CD2 /* Main.storyboard in Resources */ = {isa = PBXBuildFile; fileRef = A392E8D0243FF1A000570CD2 /* Main.storyboard */; };
		A3C83DB224A84D38005233DB /* NewGoalTableViewController.swift in Sources */ = {isa = PBXBuildFile; fileRef = A3C83DB124A84D38005233DB /* NewGoalTableViewController.swift */; };
		A3C83DBC24A9615F005233DB /* NotificationCenter.framework in Frameworks */ = {isa = PBXBuildFile; fileRef = A3C83DBB24A9615F005233DB /* NotificationCenter.framework */; };
		A3C83DBF24A9615F005233DB /* TodayViewController.swift in Sources */ = {isa = PBXBuildFile; fileRef = A3C83DBE24A9615F005233DB /* TodayViewController.swift */; };
		A3C83DC224A9615F005233DB /* MainInterface.storyboard in Resources */ = {isa = PBXBuildFile; fileRef = A3C83DC024A9615F005233DB /* MainInterface.storyboard */; };
		A3C83DC624A9615F005233DB /* GetToThingsWidget.appex in Embed App Extensions */ = {isa = PBXBuildFile; fileRef = A3C83DB924A9615F005233DB /* GetToThingsWidget.appex */; settings = {ATTRIBUTES = (RemoveHeadersOnCopy, ); }; };
		A3C83DD224A967AC005233DB /* Model.xcdatamodeld in Sources */ = {isa = PBXBuildFile; fileRef = A3106AA324A180D3001408DE /* Model.xcdatamodeld */; };
		A3C83DD424A9686E005233DB /* NSCustomPersistentContainer.swift in Sources */ = {isa = PBXBuildFile; fileRef = A3C83DD324A9686E005233DB /* NSCustomPersistentContainer.swift */; };
		A3C83DD624A97245005233DB /* NSCustomPersistentContainer.swift in Sources */ = {isa = PBXBuildFile; fileRef = A3C83DD324A9686E005233DB /* NSCustomPersistentContainer.swift */; };
		A3C83DD724A97483005233DB /* Thing.swift in Sources */ = {isa = PBXBuildFile; fileRef = A392E8ED243FFBC000570CD2 /* Thing.swift */; };
		A3C83E0424AA98D2005233DB /* EndDayViewController.swift in Sources */ = {isa = PBXBuildFile; fileRef = A3C83E0324AA98D2005233DB /* EndDayViewController.swift */; };
		A3CE06F024402A1900E1337F /* GoalControl.swift in Sources */ = {isa = PBXBuildFile; fileRef = A3CE06EF24402A1900E1337F /* GoalControl.swift */; };
		A3F425C424C160C800074C07 /* StatisticsTableViewController.swift in Sources */ = {isa = PBXBuildFile; fileRef = A3F425C324C160C800074C07 /* StatisticsTableViewController.swift */; };
/* End PBXBuildFile section */

/* Begin PBXContainerItemProxy section */
		A3C83DC424A9615F005233DB /* PBXContainerItemProxy */ = {
			isa = PBXContainerItemProxy;
			containerPortal = A392E8BF243FF1A000570CD2 /* Project object */;
			proxyType = 1;
			remoteGlobalIDString = A3C83DB824A9615F005233DB;
			remoteInfo = GetToThingsWidget;
		};
/* End PBXContainerItemProxy section */

/* Begin PBXCopyFilesBuildPhase section */
		A3C83DCA24A9615F005233DB /* Embed App Extensions */ = {
			isa = PBXCopyFilesBuildPhase;
			buildActionMask = 2147483647;
			dstPath = "";
			dstSubfolderSpec = 13;
			files = (
				A3C83DC624A9615F005233DB /* GetToThingsWidget.appex in Embed App Extensions */,
			);
			name = "Embed App Extensions";
			runOnlyForDeploymentPostprocessing = 0;
		};
		A3C83DFF24A994AF005233DB /* Embed Watch Content */ = {
			isa = PBXCopyFilesBuildPhase;
			buildActionMask = 2147483647;
			dstPath = "$(CONTENTS_FOLDER_PATH)/Watch";
			dstSubfolderSpec = 16;
			files = (
			);
			name = "Embed Watch Content";
			runOnlyForDeploymentPostprocessing = 0;
		};
/* End PBXCopyFilesBuildPhase section */

/* Begin PBXFileReference section */
		2261199B918E2C7346B9039F /* Pods-GetToThingsWidget.release.xcconfig */ = {isa = PBXFileReference; includeInIndex = 1; lastKnownFileType = text.xcconfig; name = "Pods-GetToThingsWidget.release.xcconfig"; path = "Target Support Files/Pods-GetToThingsWidget/Pods-GetToThingsWidget.release.xcconfig"; sourceTree = "<group>"; };
		582956E0AEE1C4F16CC3C1A9 /* Pods-GetToThings.debug.xcconfig */ = {isa = PBXFileReference; includeInIndex = 1; lastKnownFileType = text.xcconfig; name = "Pods-GetToThings.debug.xcconfig"; path = "Target Support Files/Pods-GetToThings/Pods-GetToThings.debug.xcconfig"; sourceTree = "<group>"; };
		A258A176CD974E5B80B6A9C1 /* Pods_GetToThings.framework */ = {isa = PBXFileReference; explicitFileType = wrapper.framework; includeInIndex = 0; path = Pods_GetToThings.framework; sourceTree = BUILT_PRODUCTS_DIR; };
		A3106AA424A180D3001408DE /* Model.xcdatamodel */ = {isa = PBXFileReference; lastKnownFileType = wrapper.xcdatamodel; path = Model.xcdatamodel; sourceTree = "<group>"; };
		A3292BA924BE36E000D1840D /* SimpleThing.swift */ = {isa = PBXFileReference; lastKnownFileType = sourcecode.swift; path = SimpleThing.swift; sourceTree = "<group>"; };
		A362F3C824BD6221005B6B4B /* Day.swift */ = {isa = PBXFileReference; lastKnownFileType = sourcecode.swift; path = Day.swift; sourceTree = "<group>"; };
		A375D23E24BD09BF003604C5 /* CalendarViewController.swift */ = {isa = PBXFileReference; lastKnownFileType = sourcecode.swift; path = CalendarViewController.swift; sourceTree = "<group>"; };
		A37F3DC32442D49F00F7917B /* TodayTableViewCell.swift */ = {isa = PBXFileReference; lastKnownFileType = sourcecode.swift; path = TodayTableViewCell.swift; sourceTree = "<group>"; };
		A382620424A84745000A7EDD /* GoalDetailTableViewController.swift */ = {isa = PBXFileReference; lastKnownFileType = sourcecode.swift; path = GoalDetailTableViewController.swift; sourceTree = "<group>"; };
		A38448BB24A682F800E69411 /* NewMissionTableViewController.swift */ = {isa = PBXFileReference; lastKnownFileType = sourcecode.swift; path = NewMissionTableViewController.swift; sourceTree = "<group>"; };
		A38448BD24A6B11500E69411 /* MissionDetailTableViewController.swift */ = {isa = PBXFileReference; lastKnownFileType = sourcecode.swift; path = MissionDetailTableViewController.swift; sourceTree = "<group>"; };
		A3899F222440102D00CCB23C /* TodayViewController.swift */ = {isa = PBXFileReference; fileEncoding = 4; lastKnownFileType = sourcecode.swift; path = TodayViewController.swift; sourceTree = "<group>"; };
		A38EB77D24BD6A1F0088F2F7 /* DayViewController.swift */ = {isa = PBXFileReference; lastKnownFileType = sourcecode.swift; path = DayViewController.swift; sourceTree = "<group>"; };
		A392A6E724441C3B00B80C56 /* ThingTableViewCell.swift */ = {isa = PBXFileReference; lastKnownFileType = sourcecode.swift; path = ThingTableViewCell.swift; sourceTree = "<group>"; };
		A392E8C7243FF1A000570CD2 /* GetToThings.app */ = {isa = PBXFileReference; explicitFileType = wrapper.application; includeInIndex = 0; path = GetToThings.app; sourceTree = BUILT_PRODUCTS_DIR; };
		A392E8CA243FF1A000570CD2 /* AppDelegate.swift */ = {isa = PBXFileReference; lastKnownFileType = sourcecode.swift; path = AppDelegate.swift; sourceTree = "<group>"; };
		A392E8CC243FF1A000570CD2 /* SceneDelegate.swift */ = {isa = PBXFileReference; lastKnownFileType = sourcecode.swift; path = SceneDelegate.swift; sourceTree = "<group>"; };
		A392E8D1243FF1A000570CD2 /* Base */ = {isa = PBXFileReference; lastKnownFileType = file.storyboard; name = Base; path = Base.lproj/Main.storyboard; sourceTree = "<group>"; };
		A392E8D3243FF1A200570CD2 /* Assets.xcassets */ = {isa = PBXFileReference; lastKnownFileType = folder.assetcatalog; path = Assets.xcassets; sourceTree = "<group>"; };
		A392E8D6243FF1A200570CD2 /* Base */ = {isa = PBXFileReference; lastKnownFileType = file.storyboard; name = Base; path = Base.lproj/LaunchScreen.storyboard; sourceTree = "<group>"; };
		A392E8D8243FF1A200570CD2 /* Info.plist */ = {isa = PBXFileReference; lastKnownFileType = text.plist.xml; path = Info.plist; sourceTree = "<group>"; };
		A392E8DE243FF50700570CD2 /* MissionsViewController.swift */ = {isa = PBXFileReference; lastKnownFileType = sourcecode.swift; path = MissionsViewController.swift; sourceTree = "<group>"; };
		A392E8E1243FF5E000570CD2 /* GoalsViewController.swift */ = {isa = PBXFileReference; lastKnownFileType = sourcecode.swift; path = GoalsViewController.swift; sourceTree = "<group>"; };
		A392E8E3243FF64400570CD2 /* SettingsViewController.swift */ = {isa = PBXFileReference; lastKnownFileType = sourcecode.swift; path = SettingsViewController.swift; sourceTree = "<group>"; };
		A392E8E9243FF7D800570CD2 /* MissionControl.swift */ = {isa = PBXFileReference; lastKnownFileType = sourcecode.swift; path = MissionControl.swift; sourceTree = "<group>"; };
		A392E8ED243FFBC000570CD2 /* Thing.swift */ = {isa = PBXFileReference; lastKnownFileType = sourcecode.swift; path = Thing.swift; sourceTree = "<group>"; };
		A3C83DB124A84D38005233DB /* NewGoalTableViewController.swift */ = {isa = PBXFileReference; lastKnownFileType = sourcecode.swift; path = NewGoalTableViewController.swift; sourceTree = "<group>"; };
		A3C83DB924A9615F005233DB /* GetToThingsWidget.appex */ = {isa = PBXFileReference; explicitFileType = "wrapper.app-extension"; includeInIndex = 0; path = GetToThingsWidget.appex; sourceTree = BUILT_PRODUCTS_DIR; };
		A3C83DBB24A9615F005233DB /* NotificationCenter.framework */ = {isa = PBXFileReference; lastKnownFileType = wrapper.framework; name = NotificationCenter.framework; path = System/Library/Frameworks/NotificationCenter.framework; sourceTree = SDKROOT; };
		A3C83DBE24A9615F005233DB /* TodayViewController.swift */ = {isa = PBXFileReference; lastKnownFileType = sourcecode.swift; path = TodayViewController.swift; sourceTree = "<group>"; };
		A3C83DC124A9615F005233DB /* Base */ = {isa = PBXFileReference; lastKnownFileType = file.storyboard; name = Base; path = Base.lproj/MainInterface.storyboard; sourceTree = "<group>"; };
		A3C83DC324A9615F005233DB /* Info.plist */ = {isa = PBXFileReference; lastKnownFileType = text.plist.xml; path = Info.plist; sourceTree = "<group>"; };
		A3C83DD024A96742005233DB /* GetToThings.entitlements */ = {isa = PBXFileReference; lastKnownFileType = text.plist.entitlements; path = GetToThings.entitlements; sourceTree = "<group>"; };
		A3C83DD124A9676D005233DB /* GetToThingsWidget.entitlements */ = {isa = PBXFileReference; lastKnownFileType = text.plist.entitlements; path = GetToThingsWidget.entitlements; sourceTree = "<group>"; };
		A3C83DD324A9686E005233DB /* NSCustomPersistentContainer.swift */ = {isa = PBXFileReference; lastKnownFileType = sourcecode.swift; path = NSCustomPersistentContainer.swift; sourceTree = "<group>"; };
		A3C83E0324AA98D2005233DB /* EndDayViewController.swift */ = {isa = PBXFileReference; lastKnownFileType = sourcecode.swift; path = EndDayViewController.swift; sourceTree = "<group>"; };
		A3CE06EF24402A1900E1337F /* GoalControl.swift */ = {isa = PBXFileReference; lastKnownFileType = sourcecode.swift; path = GoalControl.swift; sourceTree = "<group>"; };
		A3F425C324C160C800074C07 /* StatisticsTableViewController.swift */ = {isa = PBXFileReference; lastKnownFileType = sourcecode.swift; path = StatisticsTableViewController.swift; sourceTree = "<group>"; };
		AB9F2CC291C96C7EF9B9C6AB /* Pods-GetToThingsWidget.debug.xcconfig */ = {isa = PBXFileReference; includeInIndex = 1; lastKnownFileType = text.xcconfig; name = "Pods-GetToThingsWidget.debug.xcconfig"; path = "Target Support Files/Pods-GetToThingsWidget/Pods-GetToThingsWidget.debug.xcconfig"; sourceTree = "<group>"; };
		B8C1FCAEF02694786E06B65F /* Pods-GetToThings.release.xcconfig */ = {isa = PBXFileReference; includeInIndex = 1; lastKnownFileType = text.xcconfig; name = "Pods-GetToThings.release.xcconfig"; path = "Target Support Files/Pods-GetToThings/Pods-GetToThings.release.xcconfig"; sourceTree = "<group>"; };
		FF7AAD534151EFA115D33044 /* Pods_GetToThingsWidget.framework */ = {isa = PBXFileReference; explicitFileType = wrapper.framework; includeInIndex = 0; path = Pods_GetToThingsWidget.framework; sourceTree = BUILT_PRODUCTS_DIR; };
/* End PBXFileReference section */

/* Begin PBXFrameworksBuildPhase section */
		A392E8C4243FF1A000570CD2 /* Frameworks */ = {
			isa = PBXFrameworksBuildPhase;
			buildActionMask = 2147483647;
			files = (
				8A89A65E84F31B0F5271CF5F /* Pods_GetToThings.framework in Frameworks */,
			);
			runOnlyForDeploymentPostprocessing = 0;
		};
		A3C83DB624A9615F005233DB /* Frameworks */ = {
			isa = PBXFrameworksBuildPhase;
			buildActionMask = 2147483647;
			files = (
				A3C83DBC24A9615F005233DB /* NotificationCenter.framework in Frameworks */,
				1AB3498924D89C2DE6170A65 /* Pods_GetToThingsWidget.framework in Frameworks */,
			);
			runOnlyForDeploymentPostprocessing = 0;
		};
/* End PBXFrameworksBuildPhase section */

/* Begin PBXGroup section */
		5AAD53084C36B1F9BAB161FA /* Pods */ = {
			isa = PBXGroup;
			children = (
				582956E0AEE1C4F16CC3C1A9 /* Pods-GetToThings.debug.xcconfig */,
				B8C1FCAEF02694786E06B65F /* Pods-GetToThings.release.xcconfig */,
				AB9F2CC291C96C7EF9B9C6AB /* Pods-GetToThingsWidget.debug.xcconfig */,
				2261199B918E2C7346B9039F /* Pods-GetToThingsWidget.release.xcconfig */,
			);
			path = Pods;
			sourceTree = "<group>";
		};
		A375D23D24BD03A0003604C5 /* Calendar */ = {
			isa = PBXGroup;
			children = (
				A375D23E24BD09BF003604C5 /* CalendarViewController.swift */,
				A38EB77D24BD6A1F0088F2F7 /* DayViewController.swift */,
				A3F425C324C160C800074C07 /* StatisticsTableViewController.swift */,
			);
			path = Calendar;
			sourceTree = "<group>";
		};
		A37F3DC12442D3EA00F7917B /* Storyboards */ = {
			isa = PBXGroup;
			children = (
				A392E8D0243FF1A000570CD2 /* Main.storyboard */,
				A392E8D5243FF1A200570CD2 /* LaunchScreen.storyboard */,
			);
			path = Storyboards;
			sourceTree = "<group>";
		};
		A37F3DC22442D40700F7917B /* Table View Cells */ = {
			isa = PBXGroup;
			children = (
				A37F3DC32442D49F00F7917B /* TodayTableViewCell.swift */,
				A392A6E724441C3B00B80C56 /* ThingTableViewCell.swift */,
			);
			path = "Table View Cells";
			sourceTree = "<group>";
		};
		A38448B924A6828F00E69411 /* Mission */ = {
			isa = PBXGroup;
			children = (
				A392E8DE243FF50700570CD2 /* MissionsViewController.swift */,
				A38448BB24A682F800E69411 /* NewMissionTableViewController.swift */,
				A38448BD24A6B11500E69411 /* MissionDetailTableViewController.swift */,
			);
			path = Mission;
			sourceTree = "<group>";
		};
		A38448BA24A682B300E69411 /* Goals */ = {
			isa = PBXGroup;
			children = (
				A392E8E1243FF5E000570CD2 /* GoalsViewController.swift */,
				A3C83DB124A84D38005233DB /* NewGoalTableViewController.swift */,
				A382620424A84745000A7EDD /* GoalDetailTableViewController.swift */,
			);
			path = Goals;
			sourceTree = "<group>";
		};
		A392E8BE243FF1A000570CD2 = {
			isa = PBXGroup;
			children = (
				A392E8C9243FF1A000570CD2 /* GetToThings */,
				A3C83DBD24A9615F005233DB /* GetToThingsWidget */,
				A3C83DBA24A9615F005233DB /* Frameworks */,
				A392E8C8243FF1A000570CD2 /* Products */,
				5AAD53084C36B1F9BAB161FA /* Pods */,
			);
			sourceTree = "<group>";
		};
		A392E8C8243FF1A000570CD2 /* Products */ = {
			isa = PBXGroup;
			children = (
				A392E8C7243FF1A000570CD2 /* GetToThings.app */,
				A3C83DB924A9615F005233DB /* GetToThingsWidget.appex */,
			);
			name = Products;
			sourceTree = "<group>";
		};
		A392E8C9243FF1A000570CD2 /* GetToThings */ = {
			isa = PBXGroup;
			children = (
				A392E8D3243FF1A200570CD2 /* Assets.xcassets */,
				A3C83DD024A96742005233DB /* GetToThings.entitlements */,
				A3106AA324A180D3001408DE /* Model.xcdatamodeld */,
				A37F3DC12442D3EA00F7917B /* Storyboards */,
				A392E8E5243FF6FB00570CD2 /* Logic */,
				A392E8E0243FF52C00570CD2 /* View Controllers */,
				A37F3DC22442D40700F7917B /* Table View Cells */,
				A392E8CA243FF1A000570CD2 /* AppDelegate.swift */,
				A392E8CC243FF1A000570CD2 /* SceneDelegate.swift */,
				A3C83DD324A9686E005233DB /* NSCustomPersistentContainer.swift */,
				A392E8D8243FF1A200570CD2 /* Info.plist */,
			);
			path = GetToThings;
			sourceTree = "<group>";
		};
		A392E8E0243FF52C00570CD2 /* View Controllers */ = {
			isa = PBXGroup;
			children = (
				A375D23D24BD03A0003604C5 /* Calendar */,
				A3C83E0224AA98A9005233DB /* Today */,
				A38448B924A6828F00E69411 /* Mission */,
				A38448BA24A682B300E69411 /* Goals */,
			);
			path = "View Controllers";
			sourceTree = "<group>";
		};
		A392E8E5243FF6FB00570CD2 /* Logic */ = {
			isa = PBXGroup;
			children = (
				A392E8ED243FFBC000570CD2 /* Thing.swift */,
				A362F3C824BD6221005B6B4B /* Day.swift */,
				A3292BA924BE36E000D1840D /* SimpleThing.swift */,
				A392E8E9243FF7D800570CD2 /* MissionControl.swift */,
				A3CE06EF24402A1900E1337F /* GoalControl.swift */,
			);
			path = Logic;
			sourceTree = "<group>";
		};
		A3C83DBA24A9615F005233DB /* Frameworks */ = {
			isa = PBXGroup;
			children = (
				A3C83DBB24A9615F005233DB /* NotificationCenter.framework */,
				A258A176CD974E5B80B6A9C1 /* Pods_GetToThings.framework */,
				FF7AAD534151EFA115D33044 /* Pods_GetToThingsWidget.framework */,
			);
			name = Frameworks;
			sourceTree = "<group>";
		};
		A3C83DBD24A9615F005233DB /* GetToThingsWidget */ = {
			isa = PBXGroup;
			children = (
				A3C83DD124A9676D005233DB /* GetToThingsWidget.entitlements */,
				A3C83DBE24A9615F005233DB /* TodayViewController.swift */,
				A3C83DC024A9615F005233DB /* MainInterface.storyboard */,
				A3C83DC324A9615F005233DB /* Info.plist */,
			);
			path = GetToThingsWidget;
			sourceTree = "<group>";
		};
		A3C83E0224AA98A9005233DB /* Today */ = {
			isa = PBXGroup;
			children = (
				A3899F222440102D00CCB23C /* TodayViewController.swift */,
				A392E8E3243FF64400570CD2 /* SettingsViewController.swift */,
				A3C83E0324AA98D2005233DB /* EndDayViewController.swift */,
			);
			path = Today;
			sourceTree = "<group>";
		};
/* End PBXGroup section */

/* Begin PBXNativeTarget section */
		A392E8C6243FF1A000570CD2 /* GetToThings */ = {
			isa = PBXNativeTarget;
			buildConfigurationList = A392E8DB243FF1A200570CD2 /* Build configuration list for PBXNativeTarget "GetToThings" */;
			buildPhases = (
				D0A350F2AF77E317E5CB1D90 /* [CP] Check Pods Manifest.lock */,
				A392E8C3243FF1A000570CD2 /* Sources */,
				A392E8C4243FF1A000570CD2 /* Frameworks */,
				A392E8C5243FF1A000570CD2 /* Resources */,
				A3C83DCA24A9615F005233DB /* Embed App Extensions */,
				A3C83DFF24A994AF005233DB /* Embed Watch Content */,
				34641A3EFFEE65F8145525FE /* [CP] Embed Pods Frameworks */,
			);
			buildRules = (
			);
			dependencies = (
				A3C83DC524A9615F005233DB /* PBXTargetDependency */,
			);
			name = GetToThings;
			productName = GetToThings;
			productReference = A392E8C7243FF1A000570CD2 /* GetToThings.app */;
			productType = "com.apple.product-type.application";
		};
		A3C83DB824A9615F005233DB /* GetToThingsWidget */ = {
			isa = PBXNativeTarget;
			buildConfigurationList = A3C83DC724A9615F005233DB /* Build configuration list for PBXNativeTarget "GetToThingsWidget" */;
			buildPhases = (
				9469921923A2D6E8DDF58BF3 /* [CP] Check Pods Manifest.lock */,
				A3C83DB524A9615F005233DB /* Sources */,
				A3C83DB624A9615F005233DB /* Frameworks */,
				A3C83DB724A9615F005233DB /* Resources */,
			);
			buildRules = (
			);
			dependencies = (
			);
			name = GetToThingsWidget;
			productName = GetToThingsWidget;
			productReference = A3C83DB924A9615F005233DB /* GetToThingsWidget.appex */;
			productType = "com.apple.product-type.app-extension";
		};
/* End PBXNativeTarget section */

/* Begin PBXProject section */
		A392E8BF243FF1A000570CD2 /* Project object */ = {
			isa = PBXProject;
			attributes = {
				LastSwiftUpdateCheck = 1150;
				LastUpgradeCheck = 1140;
				ORGANIZATIONNAME = "Logan Pfahler";
				TargetAttributes = {
					A392E8C6243FF1A000570CD2 = {
						CreatedOnToolsVersion = 11.4;
						LastSwiftMigration = 1150;
					};
					A3C83DB824A9615F005233DB = {
						CreatedOnToolsVersion = 11.5;
					};
				};
			};
			buildConfigurationList = A392E8C2243FF1A000570CD2 /* Build configuration list for PBXProject "GetToThings" */;
			compatibilityVersion = "Xcode 9.3";
			developmentRegion = en;
			hasScannedForEncodings = 0;
			knownRegions = (
				en,
				Base,
			);
			mainGroup = A392E8BE243FF1A000570CD2;
			productRefGroup = A392E8C8243FF1A000570CD2 /* Products */;
			projectDirPath = "";
			projectRoot = "";
			targets = (
				A392E8C6243FF1A000570CD2 /* GetToThings */,
				A3C83DB824A9615F005233DB /* GetToThingsWidget */,
			);
		};
/* End PBXProject section */

/* Begin PBXResourcesBuildPhase section */
		A392E8C5243FF1A000570CD2 /* Resources */ = {
			isa = PBXResourcesBuildPhase;
			buildActionMask = 2147483647;
			files = (
				A392E8F024400EFA00570CD2 /* Main.storyboard in Resources */,
				A392E8D7243FF1A200570CD2 /* LaunchScreen.storyboard in Resources */,
				A392E8D4243FF1A200570CD2 /* Assets.xcassets in Resources */,
			);
			runOnlyForDeploymentPostprocessing = 0;
		};
		A3C83DB724A9615F005233DB /* Resources */ = {
			isa = PBXResourcesBuildPhase;
			buildActionMask = 2147483647;
			files = (
				A3C83DC224A9615F005233DB /* MainInterface.storyboard in Resources */,
			);
			runOnlyForDeploymentPostprocessing = 0;
		};
/* End PBXResourcesBuildPhase section */

/* Begin PBXShellScriptBuildPhase section */
		34641A3EFFEE65F8145525FE /* [CP] Embed Pods Frameworks */ = {
			isa = PBXShellScriptBuildPhase;
			buildActionMask = 2147483647;
			files = (
			);
			inputFileListPaths = (
				"${PODS_ROOT}/Target Support Files/Pods-GetToThings/Pods-GetToThings-frameworks-${CONFIGURATION}-input-files.xcfilelist",
			);
			name = "[CP] Embed Pods Frameworks";
			outputFileListPaths = (
				"${PODS_ROOT}/Target Support Files/Pods-GetToThings/Pods-GetToThings-frameworks-${CONFIGURATION}-output-files.xcfilelist",
			);
			runOnlyForDeploymentPostprocessing = 0;
			shellPath = /bin/sh;
			shellScript = "\"${PODS_ROOT}/Target Support Files/Pods-GetToThings/Pods-GetToThings-frameworks.sh\"\n";
			showEnvVarsInLog = 0;
		};
		9469921923A2D6E8DDF58BF3 /* [CP] Check Pods Manifest.lock */ = {
			isa = PBXShellScriptBuildPhase;
			buildActionMask = 2147483647;
			files = (
			);
			inputFileListPaths = (
			);
			inputPaths = (
				"${PODS_PODFILE_DIR_PATH}/Podfile.lock",
				"${PODS_ROOT}/Manifest.lock",
			);
			name = "[CP] Check Pods Manifest.lock";
			outputFileListPaths = (
			);
			outputPaths = (
				"$(DERIVED_FILE_DIR)/Pods-GetToThingsWidget-checkManifestLockResult.txt",
			);
			runOnlyForDeploymentPostprocessing = 0;
			shellPath = /bin/sh;
			shellScript = "diff \"${PODS_PODFILE_DIR_PATH}/Podfile.lock\" \"${PODS_ROOT}/Manifest.lock\" > /dev/null\nif [ $? != 0 ] ; then\n    # print error to STDERR\n    echo \"error: The sandbox is not in sync with the Podfile.lock. Run 'pod install' or update your CocoaPods installation.\" >&2\n    exit 1\nfi\n# This output is used by Xcode 'outputs' to avoid re-running this script phase.\necho \"SUCCESS\" > \"${SCRIPT_OUTPUT_FILE_0}\"\n";
			showEnvVarsInLog = 0;
		};
		D0A350F2AF77E317E5CB1D90 /* [CP] Check Pods Manifest.lock */ = {
			isa = PBXShellScriptBuildPhase;
			buildActionMask = 2147483647;
			files = (
			);
			inputFileListPaths = (
			);
			inputPaths = (
				"${PODS_PODFILE_DIR_PATH}/Podfile.lock",
				"${PODS_ROOT}/Manifest.lock",
			);
			name = "[CP] Check Pods Manifest.lock";
			outputFileListPaths = (
			);
			outputPaths = (
				"$(DERIVED_FILE_DIR)/Pods-GetToThings-checkManifestLockResult.txt",
			);
			runOnlyForDeploymentPostprocessing = 0;
			shellPath = /bin/sh;
			shellScript = "diff \"${PODS_PODFILE_DIR_PATH}/Podfile.lock\" \"${PODS_ROOT}/Manifest.lock\" > /dev/null\nif [ $? != 0 ] ; then\n    # print error to STDERR\n    echo \"error: The sandbox is not in sync with the Podfile.lock. Run 'pod install' or update your CocoaPods installation.\" >&2\n    exit 1\nfi\n# This output is used by Xcode 'outputs' to avoid re-running this script phase.\necho \"SUCCESS\" > \"${SCRIPT_OUTPUT_FILE_0}\"\n";
			showEnvVarsInLog = 0;
		};
/* End PBXShellScriptBuildPhase section */

/* Begin PBXSourcesBuildPhase section */
		A392E8C3243FF1A000570CD2 /* Sources */ = {
			isa = PBXSourcesBuildPhase;
			buildActionMask = 2147483647;
			files = (
				A3CE06F024402A1900E1337F /* GoalControl.swift in Sources */,
				A375D23F24BD09BF003604C5 /* CalendarViewController.swift in Sources */,
				A392E8CB243FF1A000570CD2 /* AppDelegate.swift in Sources */,
				A3106AA524A180D3001408DE /* Model.xcdatamodeld in Sources */,
				A392A6E824441C3B00B80C56 /* ThingTableViewCell.swift in Sources */,
				A38EB77E24BD6A1F0088F2F7 /* DayViewController.swift in Sources */,
				A392E8EA243FF7D800570CD2 /* MissionControl.swift in Sources */,
				A3C83DD424A9686E005233DB /* NSCustomPersistentContainer.swift in Sources */,
				A3899F232440102D00CCB23C /* TodayViewController.swift in Sources */,
				A392E8CD243FF1A000570CD2 /* SceneDelegate.swift in Sources */,
				A382620524A84745000A7EDD /* GoalDetailTableViewController.swift in Sources */,
				A38448BC24A682F800E69411 /* NewMissionTableViewController.swift in Sources */,
				A3292BAA24BE36E000D1840D /* SimpleThing.swift in Sources */,
				A37F3DC42442D49F00F7917B /* TodayTableViewCell.swift in Sources */,
				A392E8DF243FF50700570CD2 /* MissionsViewController.swift in Sources */,
				A392E8E2243FF5E000570CD2 /* GoalsViewController.swift in Sources */,
				A3C83E0424AA98D2005233DB /* EndDayViewController.swift in Sources */,
				A38448BE24A6B11500E69411 /* MissionDetailTableViewController.swift in Sources */,
				A392E8EE243FFBC000570CD2 /* Thing.swift in Sources */,
				A3C83DB224A84D38005233DB /* NewGoalTableViewController.swift in Sources */,
				A362F3C924BD6221005B6B4B /* Day.swift in Sources */,
				A3F425C424C160C800074C07 /* StatisticsTableViewController.swift in Sources */,
				A392E8E4243FF64400570CD2 /* SettingsViewController.swift in Sources */,
			);
			runOnlyForDeploymentPostprocessing = 0;
		};
		A3C83DB524A9615F005233DB /* Sources */ = {
			isa = PBXSourcesBuildPhase;
			buildActionMask = 2147483647;
			files = (
				A3C83DD724A97483005233DB /* Thing.swift in Sources */,
				A3C83DD624A97245005233DB /* NSCustomPersistentContainer.swift in Sources */,
				A3C83DBF24A9615F005233DB /* TodayViewController.swift in Sources */,
				A38EB77C24BD67710088F2F7 /* Day.swift in Sources */,
				A3292BAB24BE3B0600D1840D /* SimpleThing.swift in Sources */,
				A3C83DD224A967AC005233DB /* Model.xcdatamodeld in Sources */,
			);
			runOnlyForDeploymentPostprocessing = 0;
		};
/* End PBXSourcesBuildPhase section */

/* Begin PBXTargetDependency section */
		A3C83DC524A9615F005233DB /* PBXTargetDependency */ = {
			isa = PBXTargetDependency;
			target = A3C83DB824A9615F005233DB /* GetToThingsWidget */;
			targetProxy = A3C83DC424A9615F005233DB /* PBXContainerItemProxy */;
		};
/* End PBXTargetDependency section */

/* Begin PBXVariantGroup section */
		A392E8D0243FF1A000570CD2 /* Main.storyboard */ = {
			isa = PBXVariantGroup;
			children = (
				A392E8D1243FF1A000570CD2 /* Base */,
			);
			name = Main.storyboard;
			sourceTree = "<group>";
		};
		A392E8D5243FF1A200570CD2 /* LaunchScreen.storyboard */ = {
			isa = PBXVariantGroup;
			children = (
				A392E8D6243FF1A200570CD2 /* Base */,
			);
			name = LaunchScreen.storyboard;
			sourceTree = "<group>";
		};
		A3C83DC024A9615F005233DB /* MainInterface.storyboard */ = {
			isa = PBXVariantGroup;
			children = (
				A3C83DC124A9615F005233DB /* Base */,
			);
			name = MainInterface.storyboard;
			sourceTree = "<group>";
		};
/* End PBXVariantGroup section */

/* Begin XCBuildConfiguration section */
		A392E8D9243FF1A200570CD2 /* Debug */ = {
			isa = XCBuildConfiguration;
			buildSettings = {
				ALWAYS_SEARCH_USER_PATHS = NO;
				CLANG_ANALYZER_NONNULL = YES;
				CLANG_ANALYZER_NUMBER_OBJECT_CONVERSION = YES_AGGRESSIVE;
				CLANG_CXX_LANGUAGE_STANDARD = "gnu++14";
				CLANG_CXX_LIBRARY = "libc++";
				CLANG_ENABLE_MODULES = YES;
				CLANG_ENABLE_OBJC_ARC = YES;
				CLANG_ENABLE_OBJC_WEAK = YES;
				CLANG_WARN_BLOCK_CAPTURE_AUTORELEASING = YES;
				CLANG_WARN_BOOL_CONVERSION = YES;
				CLANG_WARN_COMMA = YES;
				CLANG_WARN_CONSTANT_CONVERSION = YES;
				CLANG_WARN_DEPRECATED_OBJC_IMPLEMENTATIONS = YES;
				CLANG_WARN_DIRECT_OBJC_ISA_USAGE = YES_ERROR;
				CLANG_WARN_DOCUMENTATION_COMMENTS = YES;
				CLANG_WARN_EMPTY_BODY = YES;
				CLANG_WARN_ENUM_CONVERSION = YES;
				CLANG_WARN_INFINITE_RECURSION = YES;
				CLANG_WARN_INT_CONVERSION = YES;
				CLANG_WARN_NON_LITERAL_NULL_CONVERSION = YES;
				CLANG_WARN_OBJC_IMPLICIT_RETAIN_SELF = YES;
				CLANG_WARN_OBJC_LITERAL_CONVERSION = YES;
				CLANG_WARN_OBJC_ROOT_CLASS = YES_ERROR;
				CLANG_WARN_RANGE_LOOP_ANALYSIS = YES;
				CLANG_WARN_STRICT_PROTOTYPES = YES;
				CLANG_WARN_SUSPICIOUS_MOVE = YES;
				CLANG_WARN_UNGUARDED_AVAILABILITY = YES_AGGRESSIVE;
				CLANG_WARN_UNREACHABLE_CODE = YES;
				CLANG_WARN__DUPLICATE_METHOD_MATCH = YES;
				COPY_PHASE_STRIP = NO;
				DEBUG_INFORMATION_FORMAT = dwarf;
				ENABLE_STRICT_OBJC_MSGSEND = YES;
				ENABLE_TESTABILITY = YES;
				GCC_C_LANGUAGE_STANDARD = gnu11;
				GCC_DYNAMIC_NO_PIC = NO;
				GCC_NO_COMMON_BLOCKS = YES;
				GCC_OPTIMIZATION_LEVEL = 0;
				GCC_PREPROCESSOR_DEFINITIONS = (
					"DEBUG=1",
					"$(inherited)",
				);
				GCC_WARN_64_TO_32_BIT_CONVERSION = YES;
				GCC_WARN_ABOUT_RETURN_TYPE = YES_ERROR;
				GCC_WARN_UNDECLARED_SELECTOR = YES;
				GCC_WARN_UNINITIALIZED_AUTOS = YES_AGGRESSIVE;
				GCC_WARN_UNUSED_FUNCTION = YES;
				GCC_WARN_UNUSED_VARIABLE = YES;
				IPHONEOS_DEPLOYMENT_TARGET = 13.2;
				MTL_ENABLE_DEBUG_INFO = INCLUDE_SOURCE;
				MTL_FAST_MATH = YES;
				ONLY_ACTIVE_ARCH = YES;
				SDKROOT = iphoneos;
				SWIFT_ACTIVE_COMPILATION_CONDITIONS = DEBUG;
				SWIFT_OPTIMIZATION_LEVEL = "-Onone";
			};
			name = Debug;
		};
		A392E8DA243FF1A200570CD2 /* Release */ = {
			isa = XCBuildConfiguration;
			buildSettings = {
				ALWAYS_SEARCH_USER_PATHS = NO;
				CLANG_ANALYZER_NONNULL = YES;
				CLANG_ANALYZER_NUMBER_OBJECT_CONVERSION = YES_AGGRESSIVE;
				CLANG_CXX_LANGUAGE_STANDARD = "gnu++14";
				CLANG_CXX_LIBRARY = "libc++";
				CLANG_ENABLE_MODULES = YES;
				CLANG_ENABLE_OBJC_ARC = YES;
				CLANG_ENABLE_OBJC_WEAK = YES;
				CLANG_WARN_BLOCK_CAPTURE_AUTORELEASING = YES;
				CLANG_WARN_BOOL_CONVERSION = YES;
				CLANG_WARN_COMMA = YES;
				CLANG_WARN_CONSTANT_CONVERSION = YES;
				CLANG_WARN_DEPRECATED_OBJC_IMPLEMENTATIONS = YES;
				CLANG_WARN_DIRECT_OBJC_ISA_USAGE = YES_ERROR;
				CLANG_WARN_DOCUMENTATION_COMMENTS = YES;
				CLANG_WARN_EMPTY_BODY = YES;
				CLANG_WARN_ENUM_CONVERSION = YES;
				CLANG_WARN_INFINITE_RECURSION = YES;
				CLANG_WARN_INT_CONVERSION = YES;
				CLANG_WARN_NON_LITERAL_NULL_CONVERSION = YES;
				CLANG_WARN_OBJC_IMPLICIT_RETAIN_SELF = YES;
				CLANG_WARN_OBJC_LITERAL_CONVERSION = YES;
				CLANG_WARN_OBJC_ROOT_CLASS = YES_ERROR;
				CLANG_WARN_RANGE_LOOP_ANALYSIS = YES;
				CLANG_WARN_STRICT_PROTOTYPES = YES;
				CLANG_WARN_SUSPICIOUS_MOVE = YES;
				CLANG_WARN_UNGUARDED_AVAILABILITY = YES_AGGRESSIVE;
				CLANG_WARN_UNREACHABLE_CODE = YES;
				CLANG_WARN__DUPLICATE_METHOD_MATCH = YES;
				COPY_PHASE_STRIP = NO;
				DEBUG_INFORMATION_FORMAT = "dwarf-with-dsym";
				ENABLE_NS_ASSERTIONS = NO;
				ENABLE_STRICT_OBJC_MSGSEND = YES;
				GCC_C_LANGUAGE_STANDARD = gnu11;
				GCC_NO_COMMON_BLOCKS = YES;
				GCC_WARN_64_TO_32_BIT_CONVERSION = YES;
				GCC_WARN_ABOUT_RETURN_TYPE = YES_ERROR;
				GCC_WARN_UNDECLARED_SELECTOR = YES;
				GCC_WARN_UNINITIALIZED_AUTOS = YES_AGGRESSIVE;
				GCC_WARN_UNUSED_FUNCTION = YES;
				GCC_WARN_UNUSED_VARIABLE = YES;
				IPHONEOS_DEPLOYMENT_TARGET = 13.2;
				MTL_ENABLE_DEBUG_INFO = NO;
				MTL_FAST_MATH = YES;
				SDKROOT = iphoneos;
				SWIFT_COMPILATION_MODE = wholemodule;
				SWIFT_OPTIMIZATION_LEVEL = "-O";
				VALIDATE_PRODUCT = YES;
			};
			name = Release;
		};
		A392E8DC243FF1A200570CD2 /* Debug */ = {
			isa = XCBuildConfiguration;
			baseConfigurationReference = 582956E0AEE1C4F16CC3C1A9 /* Pods-GetToThings.debug.xcconfig */;
			buildSettings = {
				ALWAYS_EMBED_SWIFT_STANDARD_LIBRARIES = YES;
				ASSETCATALOG_COMPILER_APPICON_NAME = AppIcon;
				CLANG_ENABLE_MODULES = YES;
				CODE_SIGN_ENTITLEMENTS = GetToThings/GetToThings.entitlements;
				CODE_SIGN_STYLE = Automatic;
				DEVELOPMENT_TEAM = D33VBD4RV3;
				INFOPLIST_FILE = GetToThings/Info.plist;
				LD_RUNPATH_SEARCH_PATHS = (
					"$(inherited)",
					"@executable_path/Frameworks",
				);
				MARKETING_VERSION = 1.1;
				PRODUCT_BUNDLE_IDENTIFIER = com.loganpfahler.GetToThings;
				PRODUCT_NAME = "$(TARGET_NAME)";
				SWIFT_OPTIMIZATION_LEVEL = "-Onone";
				SWIFT_VERSION = 5.0;
				TARGETED_DEVICE_FAMILY = "1,2";
			};
			name = Debug;
		};
		A392E8DD243FF1A200570CD2 /* Release */ = {
			isa = XCBuildConfiguration;
			baseConfigurationReference = B8C1FCAEF02694786E06B65F /* Pods-GetToThings.release.xcconfig */;
			buildSettings = {
				ALWAYS_EMBED_SWIFT_STANDARD_LIBRARIES = YES;
				ASSETCATALOG_COMPILER_APPICON_NAME = AppIcon;
				CLANG_ENABLE_MODULES = YES;
				CODE_SIGN_ENTITLEMENTS = GetToThings/GetToThings.entitlements;
				CODE_SIGN_STYLE = Automatic;
				DEVELOPMENT_TEAM = D33VBD4RV3;
				INFOPLIST_FILE = GetToThings/Info.plist;
				LD_RUNPATH_SEARCH_PATHS = (
					"$(inherited)",
					"@executable_path/Frameworks",
				);
				MARKETING_VERSION = 1.1;
				PRODUCT_BUNDLE_IDENTIFIER = com.loganpfahler.GetToThings;
				PRODUCT_NAME = "$(TARGET_NAME)";
				SWIFT_VERSION = 5.0;
				TARGETED_DEVICE_FAMILY = "1,2";
			};
			name = Release;
		};
		A3C83DC824A9615F005233DB /* Debug */ = {
			isa = XCBuildConfiguration;
			baseConfigurationReference = AB9F2CC291C96C7EF9B9C6AB /* Pods-GetToThingsWidget.debug.xcconfig */;
			buildSettings = {
				CODE_SIGN_ENTITLEMENTS = GetToThingsWidget/GetToThingsWidget.entitlements;
				CODE_SIGN_STYLE = Automatic;
				DEVELOPMENT_TEAM = D33VBD4RV3;
				INFOPLIST_FILE = GetToThingsWidget/Info.plist;
				IPHONEOS_DEPLOYMENT_TARGET = 13.5;
				LD_RUNPATH_SEARCH_PATHS = (
					"$(inherited)",
					"@executable_path/Frameworks",
					"@executable_path/../../Frameworks",
				);
				MARKETING_VERSION = 1.1;
				PRODUCT_BUNDLE_IDENTIFIER = com.loganpfahler.GetToThings.GetToThingsWidget;
				PRODUCT_NAME = "$(TARGET_NAME)";
				SKIP_INSTALL = YES;
				SWIFT_VERSION = 5.0;
				TARGETED_DEVICE_FAMILY = "1,2";
			};
			name = Debug;
		};
		A3C83DC924A9615F005233DB /* Release */ = {
			isa = XCBuildConfiguration;
			baseConfigurationReference = 2261199B918E2C7346B9039F /* Pods-GetToThingsWidget.release.xcconfig */;
			buildSettings = {
				CODE_SIGN_ENTITLEMENTS = GetToThingsWidget/GetToThingsWidget.entitlements;
				CODE_SIGN_STYLE = Automatic;
				DEVELOPMENT_TEAM = D33VBD4RV3;
				INFOPLIST_FILE = GetToThingsWidget/Info.plist;
				IPHONEOS_DEPLOYMENT_TARGET = 13.5;
				LD_RUNPATH_SEARCH_PATHS = (
					"$(inherited)",
					"@executable_path/Frameworks",
					"@executable_path/../../Frameworks",
				);
				MARKETING_VERSION = 1.1;
				PRODUCT_BUNDLE_IDENTIFIER = com.loganpfahler.GetToThings.GetToThingsWidget;
				PRODUCT_NAME = "$(TARGET_NAME)";
				SKIP_INSTALL = YES;
				SWIFT_VERSION = 5.0;
				TARGETED_DEVICE_FAMILY = "1,2";
			};
			name = Release;
		};
/* End XCBuildConfiguration section */

/* Begin XCConfigurationList section */
		A392E8C2243FF1A000570CD2 /* Build configuration list for PBXProject "GetToThings" */ = {
			isa = XCConfigurationList;
			buildConfigurations = (
				A392E8D9243FF1A200570CD2 /* Debug */,
				A392E8DA243FF1A200570CD2 /* Release */,
			);
			defaultConfigurationIsVisible = 0;
			defaultConfigurationName = Release;
		};
		A392E8DB243FF1A200570CD2 /* Build configuration list for PBXNativeTarget "GetToThings" */ = {
			isa = XCConfigurationList;
			buildConfigurations = (
				A392E8DC243FF1A200570CD2 /* Debug */,
				A392E8DD243FF1A200570CD2 /* Release */,
			);
			defaultConfigurationIsVisible = 0;
			defaultConfigurationName = Release;
		};
		A3C83DC724A9615F005233DB /* Build configuration list for PBXNativeTarget "GetToThingsWidget" */ = {
			isa = XCConfigurationList;
			buildConfigurations = (
				A3C83DC824A9615F005233DB /* Debug */,
				A3C83DC924A9615F005233DB /* Release */,
			);
			defaultConfigurationIsVisible = 0;
			defaultConfigurationName = Release;
		};
/* End XCConfigurationList section */

/* Begin XCVersionGroup section */
		A3106AA324A180D3001408DE /* Model.xcdatamodeld */ = {
			isa = XCVersionGroup;
			children = (
				A3106AA424A180D3001408DE /* Model.xcdatamodel */,
			);
			currentVersion = A3106AA424A180D3001408DE /* Model.xcdatamodel */;
			path = Model.xcdatamodeld;
			sourceTree = "<group>";
			versionGroupType = wrapper.xcdatamodel;
		};
/* End XCVersionGroup section */
	};
	rootObject = A392E8BF243FF1A000570CD2 /* Project object */;
}
